
Microsoft Visual Studio Solution File, Format Version 12.00
# Visual Studio Version 17
VisualStudioVersion = 17.11.35312.102
MinimumVisualStudioVersion = 10.0.40219.1
Project("{FAE04EC0-301F-11D3-BF4B-00C04F79EFBC}") = "common-control-tools", "common-control-tools\common-control-tools.csproj", "{631B46D6-6B91-4787-8F54-0BAE863ABB00}"
EndProject
Global
	GlobalSection(SolutionConfigurationPlatforms) = preSolution
		Debug|Any CPU = Debug|Any CPU
		Release|Any CPU = Release|Any CPU
	EndGlobalSection
	GlobalSection(ProjectConfigurationPlatforms) = postSolution
		{631B46D6-6B91-4787-8F54-0BAE863ABB00}.Debug|Any CPU.ActiveCfg = Debug|Any CPU
		{631B46D6-6B91-4787-8F54-0BAE863ABB00}.Debug|Any CPU.Build.0 = Debug|Any CPU
		{631B46D6-6B91-4787-8F54-0BAE863ABB00}.Release|Any CPU.ActiveCfg = Release|Any CPU
		{631B46D6-6B91-4787-8F54-0BAE863ABB00}.Release|Any CPU.Build.0 = Release|Any CPU
	EndGlobalSection
	GlobalSection(SolutionProperties) = preSolution
		HideSolutionNode = FALSE
	EndGlobalSection
	GlobalSection(ExtensibilityGlobals) = postSolution
		SolutionGuid = {D7BB5721-DF2C-4434-AE85-C9EBF3AAFF3D}
	EndGlobalSection
EndGlobal
